
Microsoft Visual Studio Solution File, Format Version 12.00
# Visual Studio Version 17
VisualStudioVersion = 17.4.33213.308
MinimumVisualStudioVersion = 10.0.40219.1
Project("{FAE04EC0-301F-11D3-BF4B-00C04F79EFBC}") = "Scanner", "Scanner\Scanner.csproj", "{35B3008E-1F12-409F-90B5-E02CCE2A8836}"
EndProject
Global
	GlobalSection(SolutionConfigurationPlatforms) = preSolution
		Debug|Any CPU = Debug|Any CPU
		Release|Any CPU = Release|Any CPU
	EndGlobalSection
	GlobalSection(ProjectConfigurationPlatforms) = postSolution
		{35B3008E-1F12-409F-90B5-E02CCE2A8836}.Debug|Any CPU.ActiveCfg = Debug|Any CPU
		{35B3008E-1F12-409F-90B5-E02CCE2A8836}.Debug|Any CPU.Build.0 = Debug|Any CPU
		{35B3008E-1F12-409F-90B5-E02CCE2A8836}.Release|Any CPU.ActiveCfg = Release|Any CPU
		{35B3008E-1F12-409F-90B5-E02CCE2A8836}.Release|Any CPU.Build.0 = Release|Any CPU
	EndGlobalSection
	GlobalSection(SolutionProperties) = preSolution
		HideSolutionNode = FALSE
	EndGlobalSection
	GlobalSection(ExtensibilityGlobals) = postSolution
		SolutionGuid = {48E301EC-7464-4169-9EE7-148BF6C88438}
	EndGlobalSection
EndGlobal
